
Microsoft Visual Studio Solution File, Format Version 12.00
# Visual Studio Version 16
VisualStudioVersion = 16.0.31410.357
MinimumVisualStudioVersion = 10.0.40219.1
Project("{9A19103F-16F7-4668-BE54-9A1E7A4F7556}") = "BetheniPieShop", "BetheniPieShop\BetheniPieShop.csproj", "{376189B0-0D94-476C-A596-0F28D4B6F31B}"
EndProject
Project("{9A19103F-16F7-4668-BE54-9A1E7A4F7556}") = "MyString", "MyString\MyString.csproj", "{6F28BEC4-7C67-4C6C-B614-3B7B9FEBFB0F}"
EndProject
Project("{9A19103F-16F7-4668-BE54-9A1E7A4F7556}") = "Working_With_Methods", "Working_With_Methods\Working_With_Methods.csproj", "{EE155161-0A1D-449A-993F-C50D9EB144B8}"
EndProject
Project("{9A19103F-16F7-4668-BE54-9A1E7A4F7556}") = "AboutTypes", "AboutTypes\AboutTypes.csproj", "{01BDA73D-A842-4BA8-83EB-A8C698EA8283}"
EndProject
Project("{9A19103F-16F7-4668-BE54-9A1E7A4F7556}") = "About_Classes", "About_Classes\About_Classes.csproj", "{DD673E50-FA6E-4BF9-8314-9774F76A8A92}"
EndProject
Project("{9A19103F-16F7-4668-BE54-9A1E7A4F7556}") = "HRM.APPLICATION", "HRM.APPLICATION\HRM.APPLICATION.csproj", "{26EDA2CB-F76E-4E53-AFD3-B15BFD0EC60E}"
EndProject
Project("{FAE04EC0-301F-11D3-BF4B-00C04F79EFBC}") = "FINALPROJECT", "FINALPROJECT\FINALPROJECT.csproj", "{7A767B44-0FB8-4AF4-B308-6E6EE13140D8}"
EndProject
Global
	GlobalSection(SolutionConfigurationPlatforms) = preSolution
		Debug|Any CPU = Debug|Any CPU
		Release|Any CPU = Release|Any CPU
	EndGlobalSection
	GlobalSection(ProjectConfigurationPlatforms) = postSolution
		{376189B0-0D94-476C-A596-0F28D4B6F31B}.Debug|Any CPU.ActiveCfg = Debug|Any CPU
		{376189B0-0D94-476C-A596-0F28D4B6F31B}.Debug|Any CPU.Build.0 = Debug|Any CPU
		{376189B0-0D94-476C-A596-0F28D4B6F31B}.Release|Any CPU.ActiveCfg = Release|Any CPU
		{376189B0-0D94-476C-A596-0F28D4B6F31B}.Release|Any CPU.Build.0 = Release|Any CPU
		{6F28BEC4-7C67-4C6C-B614-3B7B9FEBFB0F}.Debug|Any CPU.ActiveCfg = Debug|Any CPU
		{6F28BEC4-7C67-4C6C-B614-3B7B9FEBFB0F}.Debug|Any CPU.Build.0 = Debug|Any CPU
		{6F28BEC4-7C67-4C6C-B614-3B7B9FEBFB0F}.Release|Any CPU.ActiveCfg = Release|Any CPU
		{6F28BEC4-7C67-4C6C-B614-3B7B9FEBFB0F}.Release|Any CPU.Build.0 = Release|Any CPU
		{EE155161-0A1D-449A-993F-C50D9EB144B8}.Debug|Any CPU.ActiveCfg = Debug|Any CPU
		{EE155161-0A1D-449A-993F-C50D9EB144B8}.Debug|Any CPU.Build.0 = Debug|Any CPU
		{EE155161-0A1D-449A-993F-C50D9EB144B8}.Release|Any CPU.ActiveCfg = Release|Any CPU
		{EE155161-0A1D-449A-993F-C50D9EB144B8}.Release|Any CPU.Build.0 = Release|Any CPU
		{01BDA73D-A842-4BA8-83EB-A8C698EA8283}.Debug|Any CPU.ActiveCfg = Debug|Any CPU
		{01BDA73D-A842-4BA8-83EB-A8C698EA8283}.Debug|Any CPU.Build.0 = Debug|Any CPU
		{01BDA73D-A842-4BA8-83EB-A8C698EA8283}.Release|Any CPU.ActiveCfg = Release|Any CPU
		{01BDA73D-A842-4BA8-83EB-A8C698EA8283}.Release|Any CPU.Build.0 = Release|Any CPU
		{DD673E50-FA6E-4BF9-8314-9774F76A8A92}.Debug|Any CPU.ActiveCfg = Debug|Any CPU
		{DD673E50-FA6E-4BF9-8314-9774F76A8A92}.Debug|Any CPU.Build.0 = Debug|Any CPU
		{DD673E50-FA6E-4BF9-8314-9774F76A8A92}.Release|Any CPU.ActiveCfg = Release|Any CPU
		{DD673E50-FA6E-4BF9-8314-9774F76A8A92}.Release|Any CPU.Build.0 = Release|Any CPU
		{26EDA2CB-F76E-4E53-AFD3-B15BFD0EC60E}.Debug|Any CPU.ActiveCfg = Debug|Any CPU
		{26EDA2CB-F76E-4E53-AFD3-B15BFD0EC60E}.Debug|Any CPU.Build.0 = Debug|Any CPU
		{26EDA2CB-F76E-4E53-AFD3-B15BFD0EC60E}.Release|Any CPU.ActiveCfg = Release|Any CPU
		{26EDA2CB-F76E-4E53-AFD3-B15BFD0EC60E}.Release|Any CPU.Build.0 = Release|Any CPU
		{7A767B44-0FB8-4AF4-B308-6E6EE13140D8}.Debug|Any CPU.ActiveCfg = Debug|Any CPU
		{7A767B44-0FB8-4AF4-B308-6E6EE13140D8}.Debug|Any CPU.Build.0 = Debug|Any CPU
		{7A767B44-0FB8-4AF4-B308-6E6EE13140D8}.Release|Any CPU.ActiveCfg = Release|Any CPU
		{7A767B44-0FB8-4AF4-B308-6E6EE13140D8}.Release|Any CPU.Build.0 = Release|Any CPU
	EndGlobalSection
	GlobalSection(SolutionProperties) = preSolution
		HideSolutionNode = FALSE
	EndGlobalSection
	GlobalSection(ExtensibilityGlobals) = postSolution
		SolutionGuid = {9279236C-1434-41C3-8E75-9FFE8CFCE404}
	EndGlobalSection
EndGlobal
