
Microsoft Visual Studio Solution File, Format Version 12.00
# Visual Studio Version 16
VisualStudioVersion = 16.0.31624.102
MinimumVisualStudioVersion = 10.0.40219.1
Project("{FAE04EC0-301F-11D3-BF4B-00C04F79EFBC}") = "EntityFrameworkExample", "EntityFrameworkExample\EntityFrameworkExample.csproj", "{901875CF-3728-458F-98E2-F71FB425D9EE}"
EndProject
Global
	GlobalSection(SolutionConfigurationPlatforms) = preSolution
		Debug|Any CPU = Debug|Any CPU
		Release|Any CPU = Release|Any CPU
	EndGlobalSection
	GlobalSection(ProjectConfigurationPlatforms) = postSolution
		{901875CF-3728-458F-98E2-F71FB425D9EE}.Debug|Any CPU.ActiveCfg = Debug|Any CPU
		{901875CF-3728-458F-98E2-F71FB425D9EE}.Debug|Any CPU.Build.0 = Debug|Any CPU
		{901875CF-3728-458F-98E2-F71FB425D9EE}.Release|Any CPU.ActiveCfg = Release|Any CPU
		{901875CF-3728-458F-98E2-F71FB425D9EE}.Release|Any CPU.Build.0 = Release|Any CPU
	EndGlobalSection
	GlobalSection(SolutionProperties) = preSolution
		HideSolutionNode = FALSE
	EndGlobalSection
	GlobalSection(ExtensibilityGlobals) = postSolution
		SolutionGuid = {E73182D7-EDDF-4D7D-86D6-05D1A0AA53A7}
	EndGlobalSection
EndGlobal
